// !$*UTF8*$!
{
	archiveVersion = 1;
	classes = {
	};
	objectVersion = 46;
	objects = {

/* Begin PBXBuildFile section */
		5B3E1E13188A360F0064A632 /* Foundation.framework in Frameworks */ = {isa = PBXBuildFile; fileRef = 5B3E1E12188A360F0064A632 /* Foundation.framework */; };
		5B3E1E15188A360F0064A632 /* CoreGraphics.framework in Frameworks */ = {isa = PBXBuildFile; fileRef = 5B3E1E14188A360F0064A632 /* CoreGraphics.framework */; };
		5B3E1E17188A360F0064A632 /* UIKit.framework in Frameworks */ = {isa = PBXBuildFile; fileRef = 5B3E1E16188A360F0064A632 /* UIKit.framework */; };
		5B3E1E1D188A360F0064A632 /* InfoPlist.strings in Resources */ = {isa = PBXBuildFile; fileRef = 5B3E1E1B188A360F0064A632 /* InfoPlist.strings */; };
		5B3E1E1F188A360F0064A632 /* main.m in Sources */ = {isa = PBXBuildFile; fileRef = 5B3E1E1E188A360F0064A632 /* main.m */; };
		5B3E1E23188A360F0064A632 /* AppDelegate.m in Sources */ = {isa = PBXBuildFile; fileRef = 5B3E1E22188A360F0064A632 /* AppDelegate.m */; };
		5B3E1E2B188A360F0064A632 /* Images.xcassets in Resources */ = {isa = PBXBuildFile; fileRef = 5B3E1E2A188A360F0064A632 /* Images.xcassets */; };
		5B3E1E32188A360F0064A632 /* XCTest.framework in Frameworks */ = {isa = PBXBuildFile; fileRef = 5B3E1E31188A360F0064A632 /* XCTest.framework */; };
		5B3E1E33188A360F0064A632 /* Foundation.framework in Frameworks */ = {isa = PBXBuildFile; fileRef = 5B3E1E12188A360F0064A632 /* Foundation.framework */; };
		5B3E1E34188A360F0064A632 /* UIKit.framework in Frameworks */ = {isa = PBXBuildFile; fileRef = 5B3E1E16188A360F0064A632 /* UIKit.framework */; };
		5B3E1E3C188A360F0064A632 /* InfoPlist.strings in Resources */ = {isa = PBXBuildFile; fileRef = 5B3E1E3A188A360F0064A632 /* InfoPlist.strings */; };
		5B3E1E3E188A360F0064A632 /* ToDoTests.m in Sources */ = {isa = PBXBuildFile; fileRef = 5B3E1E3D188A360F0064A632 /* ToDoTests.m */; };
		5B3E1E49188A39240064A632 /* ToDoListViewController.m in Sources */ = {isa = PBXBuildFile; fileRef = 5B3E1E48188A39240064A632 /* ToDoListViewController.m */; };
		5B3E1E4C188A39B80064A632 /* ToDoItemCell.m in Sources */ = {isa = PBXBuildFile; fileRef = 5B3E1E4B188A39B80064A632 /* ToDoItemCell.m */; };
		5B3E1E4E188CBD640064A632 /* ToDoItemCell.xib in Resources */ = {isa = PBXBuildFile; fileRef = 5B3E1E4D188CBD640064A632 /* ToDoItemCell.xib */; };
/* End PBXBuildFile section */

/* Begin PBXContainerItemProxy section */
		5B3E1E35188A360F0064A632 /* PBXContainerItemProxy */ = {
			isa = PBXContainerItemProxy;
			containerPortal = 5B3E1E07188A360F0064A632 /* Project object */;
			proxyType = 1;
			remoteGlobalIDString = 5B3E1E0E188A360F0064A632;
			remoteInfo = ToDo;
		};
/* End PBXContainerItemProxy section */

/* Begin PBXFileReference section */
		5B3E1E0F188A360F0064A632 /* ToDo.app */ = {isa = PBXFileReference; explicitFileType = wrapper.application; includeInIndex = 0; path = ToDo.app; sourceTree = BUILT_PRODUCTS_DIR; };
		5B3E1E12188A360F0064A632 /* Foundation.framework */ = {isa = PBXFileReference; lastKnownFileType = wrapper.framework; name = Foundation.framework; path = System/Library/Frameworks/Foundation.framework; sourceTree = SDKROOT; };
		5B3E1E14188A360F0064A632 /* CoreGraphics.framework */ = {isa = PBXFileReference; lastKnownFileType = wrapper.framework; name = CoreGraphics.framework; path = System/Library/Frameworks/CoreGraphics.framework; sourceTree = SDKROOT; };
		5B3E1E16188A360F0064A632 /* UIKit.framework */ = {isa = PBXFileReference; lastKnownFileType = wrapper.framework; name = UIKit.framework; path = System/Library/Frameworks/UIKit.framework; sourceTree = SDKROOT; };
		5B3E1E1A188A360F0064A632 /* ToDo-Info.plist */ = {isa = PBXFileReference; lastKnownFileType = text.plist.xml; path = "ToDo-Info.plist"; sourceTree = "<group>"; };
		5B3E1E1C188A360F0064A632 /* en */ = {isa = PBXFileReference; lastKnownFileType = text.plist.strings; name = en; path = en.lproj/InfoPlist.strings; sourceTree = "<group>"; };
		5B3E1E1E188A360F0064A632 /* main.m */ = {isa = PBXFileReference; lastKnownFileType = sourcecode.c.objc; path = main.m; sourceTree = "<group>"; };
		5B3E1E20188A360F0064A632 /* ToDo-Prefix.pch */ = {isa = PBXFileReference; lastKnownFileType = sourcecode.c.h; path = "ToDo-Prefix.pch"; sourceTree = "<group>"; };
		5B3E1E21188A360F0064A632 /* AppDelegate.h */ = {isa = PBXFileReference; lastKnownFileType = sourcecode.c.h; path = AppDelegate.h; sourceTree = "<group>"; };
		5B3E1E22188A360F0064A632 /* AppDelegate.m */ = {isa = PBXFileReference; lastKnownFileType = sourcecode.c.objc; path = AppDelegate.m; sourceTree = "<group>"; };
		5B3E1E2A188A360F0064A632 /* Images.xcassets */ = {isa = PBXFileReference; lastKnownFileType = folder.assetcatalog; path = Images.xcassets; sourceTree = "<group>"; };
		5B3E1E30188A360F0064A632 /* ToDoTests.xctest */ = {isa = PBXFileReference; explicitFileType = wrapper.cfbundle; includeInIndex = 0; path = ToDoTests.xctest; sourceTree = BUILT_PRODUCTS_DIR; };
		5B3E1E31188A360F0064A632 /* XCTest.framework */ = {isa = PBXFileReference; lastKnownFileType = wrapper.framework; name = XCTest.framework; path = Library/Frameworks/XCTest.framework; sourceTree = DEVELOPER_DIR; };
		5B3E1E39188A360F0064A632 /* ToDoTests-Info.plist */ = {isa = PBXFileReference; lastKnownFileType = text.plist.xml; path = "ToDoTests-Info.plist"; sourceTree = "<group>"; };
		5B3E1E3B188A360F0064A632 /* en */ = {isa = PBXFileReference; lastKnownFileType = text.plist.strings; name = en; path = en.lproj/InfoPlist.strings; sourceTree = "<group>"; };
		5B3E1E3D188A360F0064A632 /* ToDoTests.m */ = {isa = PBXFileReference; lastKnownFileType = sourcecode.c.objc; path = ToDoTests.m; sourceTree = "<group>"; };
		5B3E1E47188A39240064A632 /* ToDoListViewController.h */ = {isa = PBXFileReference; fileEncoding = 4; lastKnownFileType = sourcecode.c.h; path = ToDoListViewController.h; sourceTree = "<group>"; };
		5B3E1E48188A39240064A632 /* ToDoListViewController.m */ = {isa = PBXFileReference; fileEncoding = 4; lastKnownFileType = sourcecode.c.objc; path = ToDoListViewController.m; sourceTree = "<group>"; };
		5B3E1E4A188A39B80064A632 /* ToDoItemCell.h */ = {isa = PBXFileReference; fileEncoding = 4; lastKnownFileType = sourcecode.c.h; path = ToDoItemCell.h; sourceTree = "<group>"; };
		5B3E1E4B188A39B80064A632 /* ToDoItemCell.m */ = {isa = PBXFileReference; fileEncoding = 4; lastKnownFileType = sourcecode.c.objc; path = ToDoItemCell.m; sourceTree = "<group>"; };
		5B3E1E4D188CBD640064A632 /* ToDoItemCell.xib */ = {isa = PBXFileReference; fileEncoding = 4; lastKnownFileType = file.xib; path = ToDoItemCell.xib; sourceTree = SOURCE_ROOT; };
/* End PBXFileReference section */

/* Begin PBXFrameworksBuildPhase section */
		5B3E1E0C188A360F0064A632 /* Frameworks */ = {
			isa = PBXFrameworksBuildPhase;
			buildActionMask = 2147483647;
			files = (
				5B3E1E15188A360F0064A632 /* CoreGraphics.framework in Frameworks */,
				5B3E1E17188A360F0064A632 /* UIKit.framework in Frameworks */,
				5B3E1E13188A360F0064A632 /* Foundation.framework in Frameworks */,
			);
			runOnlyForDeploymentPostprocessing = 0;
		};
		5B3E1E2D188A360F0064A632 /* Frameworks */ = {
			isa = PBXFrameworksBuildPhase;
			buildActionMask = 2147483647;
			files = (
				5B3E1E32188A360F0064A632 /* XCTest.framework in Frameworks */,
				5B3E1E34188A360F0064A632 /* UIKit.framework in Frameworks */,
				5B3E1E33188A360F0064A632 /* Foundation.framework in Frameworks */,
			);
			runOnlyForDeploymentPostprocessing = 0;
		};
/* End PBXFrameworksBuildPhase section */

/* Begin PBXGroup section */
		5B3E1E06188A360F0064A632 = {
			isa = PBXGroup;
			children = (
				5B3E1E18188A360F0064A632 /* ToDo */,
				5B3E1E37188A360F0064A632 /* ToDoTests */,
				5B3E1E11188A360F0064A632 /* Frameworks */,
				5B3E1E10188A360F0064A632 /* Products */,
			);
			sourceTree = "<group>";
		};
		5B3E1E10188A360F0064A632 /* Products */ = {
			isa = PBXGroup;
			children = (
				5B3E1E0F188A360F0064A632 /* ToDo.app */,
				5B3E1E30188A360F0064A632 /* ToDoTests.xctest */,
			);
			name = Products;
			sourceTree = "<group>";
		};
		5B3E1E11188A360F0064A632 /* Frameworks */ = {
			isa = PBXGroup;
			children = (
				5B3E1E12188A360F0064A632 /* Foundation.framework */,
				5B3E1E14188A360F0064A632 /* CoreGraphics.framework */,
				5B3E1E16188A360F0064A632 /* UIKit.framework */,
				5B3E1E31188A360F0064A632 /* XCTest.framework */,
			);
			name = Frameworks;
			sourceTree = "<group>";
		};
		5B3E1E18188A360F0064A632 /* ToDo */ = {
			isa = PBXGroup;
			children = (
				5B3E1E21188A360F0064A632 /* AppDelegate.h */,
				5B3E1E22188A360F0064A632 /* AppDelegate.m */,
				5B3E1E2A188A360F0064A632 /* Images.xcassets */,
				5B3E1E19188A360F0064A632 /* Supporting Files */,
				5B3E1E47188A39240064A632 /* ToDoListViewController.h */,
				5B3E1E48188A39240064A632 /* ToDoListViewController.m */,
				5B3E1E4D188CBD640064A632 /* ToDoItemCell.xib */,
				5B3E1E4A188A39B80064A632 /* ToDoItemCell.h */,
				5B3E1E4B188A39B80064A632 /* ToDoItemCell.m */,
			);
			path = ToDo;
			sourceTree = "<group>";
		};
		5B3E1E19188A360F0064A632 /* Supporting Files */ = {
			isa = PBXGroup;
			children = (
				5B3E1E1A188A360F0064A632 /* ToDo-Info.plist */,
				5B3E1E1B188A360F0064A632 /* InfoPlist.strings */,
				5B3E1E1E188A360F0064A632 /* main.m */,
				5B3E1E20188A360F0064A632 /* ToDo-Prefix.pch */,
			);
			name = "Supporting Files";
			sourceTree = "<group>";
		};
		5B3E1E37188A360F0064A632 /* ToDoTests */ = {
			isa = PBXGroup;
			children = (
				5B3E1E3D188A360F0064A632 /* ToDoTests.m */,
				5B3E1E38188A360F0064A632 /* Supporting Files */,
			);
			path = ToDoTests;
			sourceTree = "<group>";
		};
		5B3E1E38188A360F0064A632 /* Supporting Files */ = {
			isa = PBXGroup;
			children = (
				5B3E1E39188A360F0064A632 /* ToDoTests-Info.plist */,
				5B3E1E3A188A360F0064A632 /* InfoPlist.strings */,
			);
			name = "Supporting Files";
			sourceTree = "<group>";
		};
/* End PBXGroup section */

/* Begin PBXNativeTarget section */
		5B3E1E0E188A360F0064A632 /* ToDo */ = {
			isa = PBXNativeTarget;
			buildConfigurationList = 5B3E1E41188A360F0064A632 /* Build configuration list for PBXNativeTarget "ToDo" */;
			buildPhases = (
				5B3E1E0B188A360F0064A632 /* Sources */,
				5B3E1E0C188A360F0064A632 /* Frameworks */,
				5B3E1E0D188A360F0064A632 /* Resources */,
			);
			buildRules = (
			);
			dependencies = (
			);
			name = ToDo;
			productName = ToDo;
			productReference = 5B3E1E0F188A360F0064A632 /* ToDo.app */;
			productType = "com.apple.product-type.application";
		};
		5B3E1E2F188A360F0064A632 /* ToDoTests */ = {
			isa = PBXNativeTarget;
			buildConfigurationList = 5B3E1E44188A360F0064A632 /* Build configuration list for PBXNativeTarget "ToDoTests" */;
			buildPhases = (
				5B3E1E2C188A360F0064A632 /* Sources */,
				5B3E1E2D188A360F0064A632 /* Frameworks */,
				5B3E1E2E188A360F0064A632 /* Resources */,
			);
			buildRules = (
			);
			dependencies = (
				5B3E1E36188A360F0064A632 /* PBXTargetDependency */,
			);
			name = ToDoTests;
			productName = ToDoTests;
			productReference = 5B3E1E30188A360F0064A632 /* ToDoTests.xctest */;
			productType = "com.apple.product-type.bundle.unit-test";
		};
/* End PBXNativeTarget section */

/* Begin PBXProject section */
		5B3E1E07188A360F0064A632 /* Project object */ = {
			isa = PBXProject;
			attributes = {
				LastUpgradeCheck = 0500;
				ORGANIZATIONNAME = "Autumn Victor";
				TargetAttributes = {
					5B3E1E2F188A360F0064A632 = {
						TestTargetID = 5B3E1E0E188A360F0064A632;
					};
				};
			};
			buildConfigurationList = 5B3E1E0A188A360F0064A632 /* Build configuration list for PBXProject "ToDo" */;
			compatibilityVersion = "Xcode 3.2";
			developmentRegion = English;
			hasScannedForEncodings = 0;
			knownRegions = (
				en,
				Base,
			);
			mainGroup = 5B3E1E06188A360F0064A632;
			productRefGroup = 5B3E1E10188A360F0064A632 /* Products */;
			projectDirPath = "";
			projectRoot = "";
			targets = (
				5B3E1E0E188A360F0064A632 /* ToDo */,
				5B3E1E2F188A360F0064A632 /* ToDoTests */,
			);
		};
/* End PBXProject section */

/* Begin PBXResourcesBuildPhase section */
		5B3E1E0D188A360F0064A632 /* Resources */ = {
			isa = PBXResourcesBuildPhase;
			buildActionMask = 2147483647;
			files = (
				5B3E1E2B188A360F0064A632 /* Images.xcassets in Resources */,
				5B3E1E1D188A360F0064A632 /* InfoPlist.strings in Resources */,
				5B3E1E4E188CBD640064A632 /* ToDoItemCell.xib in Resources */,
			);
			runOnlyForDeploymentPostprocessing = 0;
		};
		5B3E1E2E188A360F0064A632 /* Resources */ = {
			isa = PBXResourcesBuildPhase;
			buildActionMask = 2147483647;
			files = (
				5B3E1E3C188A360F0064A632 /* InfoPlist.strings in Resources */,
			);
			runOnlyForDeploymentPostprocessing = 0;
		};
/* End PBXResourcesBuildPhase section */

/* Begin PBXSourcesBuildPhase section */
		5B3E1E0B188A360F0064A632 /* Sources */ = {
			isa = PBXSourcesBuildPhase;
			buildActionMask = 2147483647;
			files = (
				5B3E1E49188A39240064A632 /* ToDoListViewController.m in Sources */,
				5B3E1E23188A360F0064A632 /* AppDelegate.m in Sources */,
				5B3E1E4C188A39B80064A632 /* ToDoItemCell.m in Sources */,
				5B3E1E1F188A360F0064A632 /* main.m in Sources */,
			);
			runOnlyForDeploymentPostprocessing = 0;
		};
		5B3E1E2C188A360F0064A632 /* Sources */ = {
			isa = PBXSourcesBuildPhase;
			buildActionMask = 2147483647;
			files = (
				5B3E1E3E188A360F0064A632 /* ToDoTests.m in Sources */,
			);
			runOnlyForDeploymentPostprocessing = 0;
		};
/* End PBXSourcesBuildPhase section */

/* Begin PBXTargetDependency section */
		5B3E1E36188A360F0064A632 /* PBXTargetDependency */ = {
			isa = PBXTargetDependency;
			target = 5B3E1E0E188A360F0064A632 /* ToDo */;
			targetProxy = 5B3E1E35188A360F0064A632 /* PBXContainerItemProxy */;
		};
/* End PBXTargetDependency section */

/* Begin PBXVariantGroup section */
		5B3E1E1B188A360F0064A632 /* InfoPlist.strings */ = {
			isa = PBXVariantGroup;
			children = (
				5B3E1E1C188A360F0064A632 /* en */,
			);
			name = InfoPlist.strings;
			sourceTree = "<group>";
		};
		5B3E1E3A188A360F0064A632 /* InfoPlist.strings */ = {
			isa = PBXVariantGroup;
			children = (
				5B3E1E3B188A360F0064A632 /* en */,
			);
			name = InfoPlist.strings;
			sourceTree = "<group>";
		};
/* End PBXVariantGroup section */

/* Begin XCBuildConfiguration section */
		5B3E1E3F188A360F0064A632 /* Debug */ = {
			isa = XCBuildConfiguration;
			buildSettings = {
				ALWAYS_SEARCH_USER_PATHS = NO;
				ARCHS = "$(ARCHS_STANDARD_INCLUDING_64_BIT)";
				CLANG_CXX_LANGUAGE_STANDARD = "gnu++0x";
				CLANG_CXX_LIBRARY = "libc++";
				CLANG_ENABLE_MODULES = YES;
				CLANG_ENABLE_OBJC_ARC = YES;
				CLANG_WARN_BOOL_CONVERSION = YES;
				CLANG_WARN_CONSTANT_CONVERSION = YES;
				CLANG_WARN_DIRECT_OBJC_ISA_USAGE = YES_ERROR;
				CLANG_WARN_EMPTY_BODY = YES;
				CLANG_WARN_ENUM_CONVERSION = YES;
				CLANG_WARN_INT_CONVERSION = YES;
				CLANG_WARN_OBJC_ROOT_CLASS = YES_ERROR;
				CLANG_WARN__DUPLICATE_METHOD_MATCH = YES;
				"CODE_SIGN_IDENTITY[sdk=iphoneos*]" = "iPhone Developer";
				COPY_PHASE_STRIP = NO;
				GCC_C_LANGUAGE_STANDARD = gnu99;
				GCC_DYNAMIC_NO_PIC = NO;
				GCC_OPTIMIZATION_LEVEL = 0;
				GCC_PREPROCESSOR_DEFINITIONS = (
					"DEBUG=1",
					"$(inherited)",
				);
				GCC_SYMBOLS_PRIVATE_EXTERN = NO;
				GCC_WARN_64_TO_32_BIT_CONVERSION = YES;
				GCC_WARN_ABOUT_RETURN_TYPE = YES_ERROR;
				GCC_WARN_UNDECLARED_SELECTOR = YES;
				GCC_WARN_UNINITIALIZED_AUTOS = YES;
				GCC_WARN_UNUSED_FUNCTION = YES;
				GCC_WARN_UNUSED_VARIABLE = YES;
				IPHONEOS_DEPLOYMENT_TARGET = 7.0;
				ONLY_ACTIVE_ARCH = YES;
				SDKROOT = iphoneos;
			};
			name = Debug;
		};
		5B3E1E40188A360F0064A632 /* Release */ = {
			isa = XCBuildConfiguration;
			buildSettings = {
				ALWAYS_SEARCH_USER_PATHS = NO;
				ARCHS = "$(ARCHS_STANDARD_INCLUDING_64_BIT)";
				CLANG_CXX_LANGUAGE_STANDARD = "gnu++0x";
				CLANG_CXX_LIBRARY = "libc++";
				CLANG_ENABLE_MODULES = YES;
				CLANG_ENABLE_OBJC_ARC = YES;
				CLANG_WARN_BOOL_CONVERSION = YES;
				CLANG_WARN_CONSTANT_CONVERSION = YES;
				CLANG_WARN_DIRECT_OBJC_ISA_USAGE = YES_ERROR;
				CLANG_WARN_EMPTY_BODY = YES;
				CLANG_WARN_ENUM_CONVERSION = YES;
				CLANG_WARN_INT_CONVERSION = YES;
				CLANG_WARN_OBJC_ROOT_CLASS = YES_ERROR;
				CLANG_WARN__DUPLICATE_METHOD_MATCH = YES;
				"CODE_SIGN_IDENTITY[sdk=iphoneos*]" = "iPhone Developer";
				COPY_PHASE_STRIP = YES;
				ENABLE_NS_ASSERTIONS = NO;
				GCC_C_LANGUAGE_STANDARD = gnu99;
				GCC_WARN_64_TO_32_BIT_CONVERSION = YES;
				GCC_WARN_ABOUT_RETURN_TYPE = YES_ERROR;
				GCC_WARN_UNDECLARED_SELECTOR = YES;
				GCC_WARN_UNINITIALIZED_AUTOS = YES;
				GCC_WARN_UNUSED_FUNCTION = YES;
				GCC_WARN_UNUSED_VARIABLE = YES;
				IPHONEOS_DEPLOYMENT_TARGET = 7.0;
				SDKROOT = iphoneos;
				VALIDATE_PRODUCT = YES;
			};
			name = Release;
		};
		5B3E1E42188A360F0064A632 /* Debug */ = {
			isa = XCBuildConfiguration;
			buildSettings = {
				ASSETCATALOG_COMPILER_APPICON_NAME = AppIcon;
				ASSETCATALOG_COMPILER_LAUNCHIMAGE_NAME = LaunchImage;
				GCC_PRECOMPILE_PREFIX_HEADER = YES;
				GCC_PREFIX_HEADER = "ToDo/ToDo-Prefix.pch";
				INFOPLIST_FILE = "ToDo/ToDo-Info.plist";
				PRODUCT_NAME = "$(TARGET_NAME)";
				WRAPPER_EXTENSION = app;
			};
			name = Debug;
		};
		5B3E1E43188A360F0064A632 /* Release */ = {
			isa = XCBuildConfiguration;
			buildSettings = {
				ASSETCATALOG_COMPILER_APPICON_NAME = AppIcon;
				ASSETCATALOG_COMPILER_LAUNCHIMAGE_NAME = LaunchImage;
				GCC_PRECOMPILE_PREFIX_HEADER = YES;
				GCC_PREFIX_HEADER = "ToDo/ToDo-Prefix.pch";
				INFOPLIST_FILE = "ToDo/ToDo-Info.plist";
				PRODUCT_NAME = "$(TARGET_NAME)";
				WRAPPER_EXTENSION = app;
			};
			name = Release;
		};
		5B3E1E45188A360F0064A632 /* Debug */ = {
			isa = XCBuildConfiguration;
			buildSettings = {
				ARCHS = "$(ARCHS_STANDARD_INCLUDING_64_BIT)";
				BUNDLE_LOADER = "$(BUILT_PRODUCTS_DIR)/ToDo.app/ToDo";
				FRAMEWORK_SEARCH_PATHS = (
					"$(SDKROOT)/Developer/Library/Frameworks",
					"$(inherited)",
					"$(DEVELOPER_FRAMEWORKS_DIR)",
				);
				GCC_PRECOMPILE_PREFIX_HEADER = YES;
				GCC_PREFIX_HEADER = "ToDo/ToDo-Prefix.pch";
				GCC_PREPROCESSOR_DEFINITIONS = (
					"DEBUG=1",
					"$(inherited)",
				);
				INFOPLIST_FILE = "ToDoTests/ToDoTests-Info.plist";
				PRODUCT_NAME = "$(TARGET_NAME)";
				TEST_HOST = "$(BUNDLE_LOADER)";
				WRAPPER_EXTENSION = xctest;
			};
			name = Debug;
		};
		5B3E1E46188A360F0064A632 /* Release */ = {
			isa = XCBuildConfiguration;
			buildSettings = {
				ARCHS = "$(ARCHS_STANDARD_INCLUDING_64_BIT)";
				BUNDLE_LOADER = "$(BUILT_PRODUCTS_DIR)/ToDo.app/ToDo";
				FRAMEWORK_SEARCH_PATHS = (
					"$(SDKROOT)/Developer/Library/Frameworks",
					"$(inherited)",
					"$(DEVELOPER_FRAMEWORKS_DIR)",
				);
				GCC_PRECOMPILE_PREFIX_HEADER = YES;
				GCC_PREFIX_HEADER = "ToDo/ToDo-Prefix.pch";
				INFOPLIST_FILE = "ToDoTests/ToDoTests-Info.plist";
				PRODUCT_NAME = "$(TARGET_NAME)";
				TEST_HOST = "$(BUNDLE_LOADER)";
				WRAPPER_EXTENSION = xctest;
			};
			name = Release;
		};
/* End XCBuildConfiguration section */

/* Begin XCConfigurationList section */
		5B3E1E0A188A360F0064A632 /* Build configuration list for PBXProject "ToDo" */ = {
			isa = XCConfigurationList;
			buildConfigurations = (
				5B3E1E3F188A360F0064A632 /* Debug */,
				5B3E1E40188A360F0064A632 /* Release */,
			);
			defaultConfigurationIsVisible = 0;
			defaultConfigurationName = Release;
		};
		5B3E1E41188A360F0064A632 /* Build configuration list for PBXNativeTarget "ToDo" */ = {
			isa = XCConfigurationList;
			buildConfigurations = (
				5B3E1E42188A360F0064A632 /* Debug */,
				5B3E1E43188A360F0064A632 /* Release */,
			);
			defaultConfigurationIsVisible = 0;
			defaultConfigurationName = Release;
		};
		5B3E1E44188A360F0064A632 /* Build configuration list for PBXNativeTarget "ToDoTests" */ = {
			isa = XCConfigurationList;
			buildConfigurations = (
				5B3E1E45188A360F0064A632 /* Debug */,
				5B3E1E46188A360F0064A632 /* Release */,
			);
			defaultConfigurationIsVisible = 0;
			defaultConfigurationName = Release;
		};
/* End XCConfigurationList section */
	};
	rootObject = 5B3E1E07188A360F0064A632 /* Project object */;
}
